
Microsoft Visual Studio Solution File, Format Version 12.00
# Visual Studio Version 16
VisualStudioVersion = 16.0.29709.97
MinimumVisualStudioVersion = 10.0.40219.1
Project("{FAE04EC0-301F-11D3-BF4B-00C04F79EFBC}") = "UniversityApp2.Android", "UniversityApp2\UniversityApp2.Android\UniversityApp2.Android.csproj", "{648EAE4C-94D4-4F53-BC16-A085792D1FC1}"
EndProject
Project("{FAE04EC0-301F-11D3-BF4B-00C04F79EFBC}") = "UniversityApp2.iOS", "UniversityApp2\UniversityApp2.iOS\UniversityApp2.iOS.csproj", "{481AED2D-28B2-40F0-989B-A0E10177F03A}"
EndProject
Project("{FAE04EC0-301F-11D3-BF4B-00C04F79EFBC}") = "UniversityApp2", "UniversityApp2\UniversityApp2\UniversityApp2.csproj", "{FD36A0FA-96E9-4A1E-B04C-276085205214}"
EndProject
Project("{FAE04EC0-301F-11D3-BF4B-00C04F79EFBC}") = "UniversityApp2.BL", "UniversityApp2.BL\UniversityApp2.BL.csproj", "{C06E19BD-6808-471E-807D-CEDD6D8E4B41}"
EndProject
Global
	GlobalSection(SolutionConfigurationPlatforms) = preSolution
		Debug|Any CPU = Debug|Any CPU
		Debug|iPhone = Debug|iPhone
		Debug|iPhoneSimulator = Debug|iPhoneSimulator
		Release|Any CPU = Release|Any CPU
		Release|iPhone = Release|iPhone
		Release|iPhoneSimulator = Release|iPhoneSimulator
	EndGlobalSection
	GlobalSection(ProjectConfigurationPlatforms) = postSolution
		{648EAE4C-94D4-4F53-BC16-A085792D1FC1}.Debug|Any CPU.ActiveCfg = Debug|Any CPU
		{648EAE4C-94D4-4F53-BC16-A085792D1FC1}.Debug|Any CPU.Build.0 = Debug|Any CPU
		{648EAE4C-94D4-4F53-BC16-A085792D1FC1}.Debug|Any CPU.Deploy.0 = Debug|Any CPU
		{648EAE4C-94D4-4F53-BC16-A085792D1FC1}.Debug|iPhone.ActiveCfg = Debug|Any CPU
		{648EAE4C-94D4-4F53-BC16-A085792D1FC1}.Debug|iPhone.Build.0 = Debug|Any CPU
		{648EAE4C-94D4-4F53-BC16-A085792D1FC1}.Debug|iPhone.Deploy.0 = Debug|Any CPU
		{648EAE4C-94D4-4F53-BC16-A085792D1FC1}.Debug|iPhoneSimulator.ActiveCfg = Debug|Any CPU
		{648EAE4C-94D4-4F53-BC16-A085792D1FC1}.Debug|iPhoneSimulator.Build.0 = Debug|Any CPU
		{648EAE4C-94D4-4F53-BC16-A085792D1FC1}.Debug|iPhoneSimulator.Deploy.0 = Debug|Any CPU
		{648EAE4C-94D4-4F53-BC16-A085792D1FC1}.Release|Any CPU.ActiveCfg = Release|Any CPU
		{648EAE4C-94D4-4F53-BC16-A085792D1FC1}.Release|Any CPU.Build.0 = Release|Any CPU
		{648EAE4C-94D4-4F53-BC16-A085792D1FC1}.Release|Any CPU.Deploy.0 = Release|Any CPU
		{648EAE4C-94D4-4F53-BC16-A085792D1FC1}.Release|iPhone.ActiveCfg = Release|Any CPU
		{648EAE4C-94D4-4F53-BC16-A085792D1FC1}.Release|iPhone.Build.0 = Release|Any CPU
		{648EAE4C-94D4-4F53-BC16-A085792D1FC1}.Release|iPhone.Deploy.0 = Release|Any CPU
		{648EAE4C-94D4-4F53-BC16-A085792D1FC1}.Release|iPhoneSimulator.ActiveCfg = Release|Any CPU
		{648EAE4C-94D4-4F53-BC16-A085792D1FC1}.Release|iPhoneSimulator.Build.0 = Release|Any CPU
		{648EAE4C-94D4-4F53-BC16-A085792D1FC1}.Release|iPhoneSimulator.Deploy.0 = Release|Any CPU
		{481AED2D-28B2-40F0-989B-A0E10177F03A}.Debug|Any CPU.ActiveCfg = Debug|iPhoneSimulator
		{481AED2D-28B2-40F0-989B-A0E10177F03A}.Debug|Any CPU.Build.0 = Debug|iPhoneSimulator
		{481AED2D-28B2-40F0-989B-A0E10177F03A}.Debug|Any CPU.Deploy.0 = Debug|iPhoneSimulator
		{481AED2D-28B2-40F0-989B-A0E10177F03A}.Debug|iPhone.ActiveCfg = Debug|iPhone
		{481AED2D-28B2-40F0-989B-A0E10177F03A}.Debug|iPhone.Build.0 = Debug|iPhone
		{481AED2D-28B2-40F0-989B-A0E10177F03A}.Debug|iPhone.Deploy.0 = Debug|iPhone
		{481AED2D-28B2-40F0-989B-A0E10177F03A}.Debug|iPhoneSimulator.ActiveCfg = Debug|iPhoneSimulator
		{481AED2D-28B2-40F0-989B-A0E10177F03A}.Debug|iPhoneSimulator.Build.0 = Debug|iPhoneSimulator
		{481AED2D-28B2-40F0-989B-A0E10177F03A}.Debug|iPhoneSimulator.Deploy.0 = Debug|iPhoneSimulator
		{481AED2D-28B2-40F0-989B-A0E10177F03A}.Release|Any CPU.ActiveCfg = Release|iPhone
		{481AED2D-28B2-40F0-989B-A0E10177F03A}.Release|Any CPU.Build.0 = Release|iPhone
		{481AED2D-28B2-40F0-989B-A0E10177F03A}.Release|Any CPU.Deploy.0 = Release|iPhone
		{481AED2D-28B2-40F0-989B-A0E10177F03A}.Release|iPhone.ActiveCfg = Release|iPhone
		{481AED2D-28B2-40F0-989B-A0E10177F03A}.Release|iPhone.Build.0 = Release|iPhone
		{481AED2D-28B2-40F0-989B-A0E10177F03A}.Release|iPhone.Deploy.0 = Release|iPhone
		{481AED2D-28B2-40F0-989B-A0E10177F03A}.Release|iPhoneSimulator.ActiveCfg = Release|iPhoneSimulator
		{481AED2D-28B2-40F0-989B-A0E10177F03A}.Release|iPhoneSimulator.Build.0 = Release|iPhoneSimulator
		{481AED2D-28B2-40F0-989B-A0E10177F03A}.Release|iPhoneSimulator.Deploy.0 = Release|iPhoneSimulator
		{FD36A0FA-96E9-4A1E-B04C-276085205214}.Debug|Any CPU.ActiveCfg = Debug|Any CPU
		{FD36A0FA-96E9-4A1E-B04C-276085205214}.Debug|Any CPU.Build.0 = Debug|Any CPU
		{FD36A0FA-96E9-4A1E-B04C-276085205214}.Debug|Any CPU.Deploy.0 = Debug|Any CPU
		{FD36A0FA-96E9-4A1E-B04C-276085205214}.Debug|iPhone.ActiveCfg = Debug|Any CPU
		{FD36A0FA-96E9-4A1E-B04C-276085205214}.Debug|iPhone.Build.0 = Debug|Any CPU
		{FD36A0FA-96E9-4A1E-B04C-276085205214}.Debug|iPhone.Deploy.0 = Debug|Any CPU
		{FD36A0FA-96E9-4A1E-B04C-276085205214}.Debug|iPhoneSimulator.ActiveCfg = Debug|Any CPU
		{FD36A0FA-96E9-4A1E-B04C-276085205214}.Debug|iPhoneSimulator.Build.0 = Debug|Any CPU
		{FD36A0FA-96E9-4A1E-B04C-276085205214}.Debug|iPhoneSimulator.Deploy.0 = Debug|Any CPU
		{FD36A0FA-96E9-4A1E-B04C-276085205214}.Release|Any CPU.ActiveCfg = Release|Any CPU
		{FD36A0FA-96E9-4A1E-B04C-276085205214}.Release|Any CPU.Build.0 = Release|Any CPU
		{FD36A0FA-96E9-4A1E-B04C-276085205214}.Release|Any CPU.Deploy.0 = Release|Any CPU
		{FD36A0FA-96E9-4A1E-B04C-276085205214}.Release|iPhone.ActiveCfg = Release|Any CPU
		{FD36A0FA-96E9-4A1E-B04C-276085205214}.Release|iPhone.Build.0 = Release|Any CPU
		{FD36A0FA-96E9-4A1E-B04C-276085205214}.Release|iPhone.Deploy.0 = Release|Any CPU
		{FD36A0FA-96E9-4A1E-B04C-276085205214}.Release|iPhoneSimulator.ActiveCfg = Release|Any CPU
		{FD36A0FA-96E9-4A1E-B04C-276085205214}.Release|iPhoneSimulator.Build.0 = Release|Any CPU
		{FD36A0FA-96E9-4A1E-B04C-276085205214}.Release|iPhoneSimulator.Deploy.0 = Release|Any CPU
		{C06E19BD-6808-471E-807D-CEDD6D8E4B41}.Debug|Any CPU.ActiveCfg = Debug|Any CPU
		{C06E19BD-6808-471E-807D-CEDD6D8E4B41}.Debug|Any CPU.Build.0 = Debug|Any CPU
		{C06E19BD-6808-471E-807D-CEDD6D8E4B41}.Debug|iPhone.ActiveCfg = Debug|Any CPU
		{C06E19BD-6808-471E-807D-CEDD6D8E4B41}.Debug|iPhone.Build.0 = Debug|Any CPU
		{C06E19BD-6808-471E-807D-CEDD6D8E4B41}.Debug|iPhoneSimulator.ActiveCfg = Debug|Any CPU
		{C06E19BD-6808-471E-807D-CEDD6D8E4B41}.Debug|iPhoneSimulator.Build.0 = Debug|Any CPU
		{C06E19BD-6808-471E-807D-CEDD6D8E4B41}.Release|Any CPU.ActiveCfg = Release|Any CPU
		{C06E19BD-6808-471E-807D-CEDD6D8E4B41}.Release|Any CPU.Build.0 = Release|Any CPU
		{C06E19BD-6808-471E-807D-CEDD6D8E4B41}.Release|iPhone.ActiveCfg = Release|Any CPU
		{C06E19BD-6808-471E-807D-CEDD6D8E4B41}.Release|iPhone.Build.0 = Release|Any CPU
		{C06E19BD-6808-471E-807D-CEDD6D8E4B41}.Release|iPhoneSimulator.ActiveCfg = Release|Any CPU
		{C06E19BD-6808-471E-807D-CEDD6D8E4B41}.Release|iPhoneSimulator.Build.0 = Release|Any CPU
	EndGlobalSection
	GlobalSection(SolutionProperties) = preSolution
		HideSolutionNode = FALSE
	EndGlobalSection
	GlobalSection(ExtensibilityGlobals) = postSolution
		SolutionGuid = {23448A54-292F-4D26-89EE-005F9273EA98}
	EndGlobalSection
EndGlobal
